
Microsoft Visual Studio Solution File, Format Version 12.00
# Visual Studio Version 16
VisualStudioVersion = 16.0.810.11
MinimumVisualStudioVersion = 10.0.40219.1
Project("{FAE04EC0-301F-11D3-BF4B-00C04F79EFBC}") = "Pac-Man", "Pac-Man\Pac-Man.csproj", "{EAD2FF5D-EDBD-483A-9B3C-D70CA119B8BD}"
EndProject
Project("{FAE04EC0-301F-11D3-BF4B-00C04F79EFBC}") = "MiniGui", "MiniGui\MiniGui.csproj", "{3AFC6728-6086-4A36-B87E-E025461F4353}"
EndProject
Global
	GlobalSection(SolutionConfigurationPlatforms) = preSolution
		Debug|Any CPU = Debug|Any CPU
		Release|Any CPU = Release|Any CPU
	EndGlobalSection
	GlobalSection(ProjectConfigurationPlatforms) = postSolution
		{EAD2FF5D-EDBD-483A-9B3C-D70CA119B8BD}.Debug|Any CPU.ActiveCfg = Debug|Any CPU
		{EAD2FF5D-EDBD-483A-9B3C-D70CA119B8BD}.Debug|Any CPU.Build.0 = Debug|Any CPU
		{EAD2FF5D-EDBD-483A-9B3C-D70CA119B8BD}.Release|Any CPU.ActiveCfg = Release|Any CPU
		{EAD2FF5D-EDBD-483A-9B3C-D70CA119B8BD}.Release|Any CPU.Build.0 = Release|Any CPU
		{3AFC6728-6086-4A36-B87E-E025461F4353}.Debug|Any CPU.ActiveCfg = Debug|Any CPU
		{3AFC6728-6086-4A36-B87E-E025461F4353}.Debug|Any CPU.Build.0 = Debug|Any CPU
		{3AFC6728-6086-4A36-B87E-E025461F4353}.Release|Any CPU.ActiveCfg = Release|Any CPU
		{3AFC6728-6086-4A36-B87E-E025461F4353}.Release|Any CPU.Build.0 = Release|Any CPU
	EndGlobalSection
	GlobalSection(SolutionProperties) = preSolution
		HideSolutionNode = FALSE
	EndGlobalSection
	GlobalSection(ExtensibilityGlobals) = postSolution
		SolutionGuid = {8B8D960E-3A14-4BD4-A191-1EA08DE5A75F}
	EndGlobalSection
EndGlobal
